// !$*UTF8*$!
{
	archiveVersion = 1;
	classes = {
	};
	objectVersion = 46;
	objects = {

/* Begin PBXBuildFile section */
		AA1F1D0D1627426A00EAF636 /* UIKit.framework in Frameworks */ = {isa = PBXBuildFile; fileRef = AA1F1D0C1627426A00EAF636 /* UIKit.framework */; };
		AA1F1D0F1627426A00EAF636 /* Foundation.framework in Frameworks */ = {isa = PBXBuildFile; fileRef = AA1F1D0E1627426A00EAF636 /* Foundation.framework */; };
		AA1F1D111627426A00EAF636 /* CoreGraphics.framework in Frameworks */ = {isa = PBXBuildFile; fileRef = AA1F1D101627426A00EAF636 /* CoreGraphics.framework */; };
		AA1F1D171627426A00EAF636 /* InfoPlist.strings in Resources */ = {isa = PBXBuildFile; fileRef = AA1F1D151627426A00EAF636 /* InfoPlist.strings */; };
		AA1F1D191627426A00EAF636 /* main.m in Sources */ = {isa = PBXBuildFile; fileRef = AA1F1D181627426A00EAF636 /* main.m */; };
		AA1F1D1D1627426A00EAF636 /* AppDelegate.m in Sources */ = {isa = PBXBuildFile; fileRef = AA1F1D1C1627426A00EAF636 /* AppDelegate.m */; };
		AA1F1D1F1627426A00EAF636 /* Default.png in Resources */ = {isa = PBXBuildFile; fileRef = AA1F1D1E1627426A00EAF636 /* Default.png */; };
		AA1F1D211627426A00EAF636 /* Default@2x.png in Resources */ = {isa = PBXBuildFile; fileRef = AA1F1D201627426A00EAF636 /* Default@2x.png */; };
		AA1F1D231627426A00EAF636 /* Default-568h@2x.png in Resources */ = {isa = PBXBuildFile; fileRef = AA1F1D221627426A00EAF636 /* Default-568h@2x.png */; };
		AA1F1D261627426A00EAF636 /* Stream.storyboard in Resources */ = {isa = PBXBuildFile; fileRef = AA1F1D241627426A00EAF636 /* Stream.storyboard */; };
		AA1F1D291627426A00EAF636 /* StreamViewController.m in Sources */ = {isa = PBXBuildFile; fileRef = AA1F1D281627426A00EAF636 /* StreamViewController.m */; };
		AA5BA08716274475005D64E5 /* CFNetwork.framework in Frameworks */ = {isa = PBXBuildFile; fileRef = AA5BA08616274475005D64E5 /* CFNetwork.framework */; };
		AA5BA08A1627447B005D64E5 /* SystemConfiguration.framework in Frameworks */ = {isa = PBXBuildFile; fileRef = AA5BA0891627447B005D64E5 /* SystemConfiguration.framework */; };
		AA5BA08C16274483005D64E5 /* MobileCoreServices.framework in Frameworks */ = {isa = PBXBuildFile; fileRef = AA5BA08B16274483005D64E5 /* MobileCoreServices.framework */; };
		AA5BA08E16274495005D64E5 /* libz.dylib in Frameworks */ = {isa = PBXBuildFile; fileRef = AA5BA08D16274495005D64E5 /* libz.dylib */; };
		AA5BA090162744D0005D64E5 /* CloudMine.framework in Frameworks */ = {isa = PBXBuildFile; fileRef = AA5BA08F162744D0005D64E5 /* CloudMine.framework */; };
		AA5BF953162D0ABF008C55D2 /* man_64.png in Resources */ = {isa = PBXBuildFile; fileRef = AA5BF952162D0ABF008C55D2 /* man_64.png */; };
		AA5BF956162D0D96008C55D2 /* man_48.png in Resources */ = {isa = PBXBuildFile; fileRef = AA5BF955162D0D95008C55D2 /* man_48.png */; };
		AA5BF958162D0DA6008C55D2 /* man_24.png in Resources */ = {isa = PBXBuildFile; fileRef = AA5BF957162D0DA6008C55D2 /* man_24.png */; };
		AA5BF95C162D0EC6008C55D2 /* ProfileViewController.m in Sources */ = {isa = PBXBuildFile; fileRef = AA5BF95B162D0EC6008C55D2 /* ProfileViewController.m */; };
		AA5BF96E162DC769008C55D2 /* SimpleKeychain.m in Sources */ = {isa = PBXBuildFile; fileRef = AA5BF96D162DC769008C55D2 /* SimpleKeychain.m */; settings = {COMPILER_FLAGS = "-fno-objc-arc"; }; };
		AA5BF972162DC81E008C55D2 /* Security.framework in Frameworks */ = {isa = PBXBuildFile; fileRef = AA5BF971162DC81D008C55D2 /* Security.framework */; };
		AA5BF976162DE2BD008C55D2 /* ContentPickerViewController.m in Sources */ = {isa = PBXBuildFile; fileRef = AA5BF975162DE2BD008C55D2 /* ContentPickerViewController.m */; };
		AA917BE1162DE6AA000FA6A6 /* AddTextViewController.m in Sources */ = {isa = PBXBuildFile; fileRef = AA917BE0162DE6AA000FA6A6 /* AddTextViewController.m */; };
		AACBDFF516274E8A00788DFA /* StreamCell.m in Sources */ = {isa = PBXBuildFile; fileRef = AACBDFF416274E8A00788DFA /* StreamCell.m */; };
		AACBE0001627658800788DFA /* StreamItem.m in Sources */ = {isa = PBXBuildFile; fileRef = AACBDFFF1627658800788DFA /* StreamItem.m */; };
		AACBE003162765A000788DFA /* StreamPicture.m in Sources */ = {isa = PBXBuildFile; fileRef = AACBE002162765A000788DFA /* StreamPicture.m */; };
		AACBE006162765E800788DFA /* StreamText.m in Sources */ = {isa = PBXBuildFile; fileRef = AACBE005162765E800788DFA /* StreamText.m */; };
		AAE5D23D162F4DEA00B8F5FC /* SelectedItemViewController.m in Sources */ = {isa = PBXBuildFile; fileRef = AAE5D23C162F4DEA00B8F5FC /* SelectedItemViewController.m */; };
/* End PBXBuildFile section */

/* Begin PBXFileReference section */
		AA1F1D081627426A00EAF636 /* Inspiration.app */ = {isa = PBXFileReference; explicitFileType = wrapper.application; includeInIndex = 0; path = Inspiration.app; sourceTree = BUILT_PRODUCTS_DIR; };
		AA1F1D0C1627426A00EAF636 /* UIKit.framework */ = {isa = PBXFileReference; lastKnownFileType = wrapper.framework; name = UIKit.framework; path = System/Library/Frameworks/UIKit.framework; sourceTree = SDKROOT; };
		AA1F1D0E1627426A00EAF636 /* Foundation.framework */ = {isa = PBXFileReference; lastKnownFileType = wrapper.framework; name = Foundation.framework; path = System/Library/Frameworks/Foundation.framework; sourceTree = SDKROOT; };
		AA1F1D101627426A00EAF636 /* CoreGraphics.framework */ = {isa = PBXFileReference; lastKnownFileType = wrapper.framework; name = CoreGraphics.framework; path = System/Library/Frameworks/CoreGraphics.framework; sourceTree = SDKROOT; };
		AA1F1D141627426A00EAF636 /* Inspiration-Info.plist */ = {isa = PBXFileReference; lastKnownFileType = text.plist.xml; path = "Inspiration-Info.plist"; sourceTree = "<group>"; };
		AA1F1D161627426A00EAF636 /* en */ = {isa = PBXFileReference; lastKnownFileType = text.plist.strings; name = en; path = en.lproj/InfoPlist.strings; sourceTree = "<group>"; };
		AA1F1D181627426A00EAF636 /* main.m */ = {isa = PBXFileReference; lastKnownFileType = sourcecode.c.objc; path = main.m; sourceTree = "<group>"; };
		AA1F1D1A1627426A00EAF636 /* Inspiration-Prefix.pch */ = {isa = PBXFileReference; lastKnownFileType = sourcecode.c.h; path = "Inspiration-Prefix.pch"; sourceTree = "<group>"; };
		AA1F1D1B1627426A00EAF636 /* AppDelegate.h */ = {isa = PBXFileReference; lastKnownFileType = sourcecode.c.h; path = AppDelegate.h; sourceTree = "<group>"; };
		AA1F1D1C1627426A00EAF636 /* AppDelegate.m */ = {isa = PBXFileReference; lastKnownFileType = sourcecode.c.objc; path = AppDelegate.m; sourceTree = "<group>"; };
		AA1F1D1E1627426A00EAF636 /* Default.png */ = {isa = PBXFileReference; lastKnownFileType = image.png; path = Default.png; sourceTree = "<group>"; };
		AA1F1D201627426A00EAF636 /* Default@2x.png */ = {isa = PBXFileReference; lastKnownFileType = image.png; path = "Default@2x.png"; sourceTree = "<group>"; };
		AA1F1D221627426A00EAF636 /* Default-568h@2x.png */ = {isa = PBXFileReference; lastKnownFileType = image.png; path = "Default-568h@2x.png"; sourceTree = "<group>"; };
		AA1F1D251627426A00EAF636 /* en */ = {isa = PBXFileReference; lastKnownFileType = file.storyboard; name = en; path = en.lproj/Stream.storyboard; sourceTree = "<group>"; };
		AA1F1D271627426A00EAF636 /* StreamViewController.h */ = {isa = PBXFileReference; lastKnownFileType = sourcecode.c.h; path = StreamViewController.h; sourceTree = "<group>"; };
		AA1F1D281627426A00EAF636 /* StreamViewController.m */ = {isa = PBXFileReference; lastKnownFileType = sourcecode.c.objc; path = StreamViewController.m; sourceTree = "<group>"; };
		AA5BA08616274475005D64E5 /* CFNetwork.framework */ = {isa = PBXFileReference; lastKnownFileType = wrapper.framework; name = CFNetwork.framework; path = System/Library/Frameworks/CFNetwork.framework; sourceTree = SDKROOT; };
		AA5BA0891627447B005D64E5 /* SystemConfiguration.framework */ = {isa = PBXFileReference; lastKnownFileType = wrapper.framework; name = SystemConfiguration.framework; path = System/Library/Frameworks/SystemConfiguration.framework; sourceTree = SDKROOT; };
		AA5BA08B16274483005D64E5 /* MobileCoreServices.framework */ = {isa = PBXFileReference; lastKnownFileType = wrapper.framework; name = MobileCoreServices.framework; path = System/Library/Frameworks/MobileCoreServices.framework; sourceTree = SDKROOT; };
		AA5BA08D16274495005D64E5 /* libz.dylib */ = {isa = PBXFileReference; lastKnownFileType = "compiled.mach-o.dylib"; name = libz.dylib; path = usr/lib/libz.dylib; sourceTree = SDKROOT; };
		AA5BA08F162744D0005D64E5 /* CloudMine.framework */ = {isa = PBXFileReference; lastKnownFileType = wrapper.framework; path = CloudMine.framework; sourceTree = "<group>"; };
		AA5BF952162D0ABF008C55D2 /* man_64.png */ = {isa = PBXFileReference; lastKnownFileType = image.png; path = man_64.png; sourceTree = "<group>"; };
		AA5BF955162D0D95008C55D2 /* man_48.png */ = {isa = PBXFileReference; lastKnownFileType = image.png; path = man_48.png; sourceTree = "<group>"; };
		AA5BF957162D0DA6008C55D2 /* man_24.png */ = {isa = PBXFileReference; lastKnownFileType = image.png; path = man_24.png; sourceTree = "<group>"; };
		AA5BF95A162D0EC6008C55D2 /* ProfileViewController.h */ = {isa = PBXFileReference; fileEncoding = 4; lastKnownFileType = sourcecode.c.h; path = ProfileViewController.h; sourceTree = "<group>"; };
		AA5BF95B162D0EC6008C55D2 /* ProfileViewController.m */ = {isa = PBXFileReference; fileEncoding = 4; lastKnownFileType = sourcecode.c.objc; path = ProfileViewController.m; sourceTree = "<group>"; };
		AA5BF96C162DC769008C55D2 /* SimpleKeychain.h */ = {isa = PBXFileReference; fileEncoding = 4; lastKnownFileType = sourcecode.c.h; path = SimpleKeychain.h; sourceTree = "<group>"; };
		AA5BF96D162DC769008C55D2 /* SimpleKeychain.m */ = {isa = PBXFileReference; fileEncoding = 4; lastKnownFileType = sourcecode.c.objc; path = SimpleKeychain.m; sourceTree = "<group>"; };
		AA5BF971162DC81D008C55D2 /* Security.framework */ = {isa = PBXFileReference; lastKnownFileType = wrapper.framework; name = Security.framework; path = System/Library/Frameworks/Security.framework; sourceTree = SDKROOT; };
		AA5BF974162DE2BD008C55D2 /* ContentPickerViewController.h */ = {isa = PBXFileReference; fileEncoding = 4; lastKnownFileType = sourcecode.c.h; path = ContentPickerViewController.h; sourceTree = "<group>"; };
		AA5BF975162DE2BD008C55D2 /* ContentPickerViewController.m */ = {isa = PBXFileReference; fileEncoding = 4; lastKnownFileType = sourcecode.c.objc; path = ContentPickerViewController.m; sourceTree = "<group>"; };
		AA917BDF162DE6AA000FA6A6 /* AddTextViewController.h */ = {isa = PBXFileReference; fileEncoding = 4; lastKnownFileType = sourcecode.c.h; path = AddTextViewController.h; sourceTree = "<group>"; };
		AA917BE0162DE6AA000FA6A6 /* AddTextViewController.m */ = {isa = PBXFileReference; fileEncoding = 4; lastKnownFileType = sourcecode.c.objc; path = AddTextViewController.m; sourceTree = "<group>"; };
		AACBDFF316274E8A00788DFA /* StreamCell.h */ = {isa = PBXFileReference; fileEncoding = 4; lastKnownFileType = sourcecode.c.h; path = StreamCell.h; sourceTree = "<group>"; };
		AACBDFF416274E8A00788DFA /* StreamCell.m */ = {isa = PBXFileReference; fileEncoding = 4; lastKnownFileType = sourcecode.c.objc; path = StreamCell.m; sourceTree = "<group>"; };
		AACBDFFE1627658800788DFA /* StreamItem.h */ = {isa = PBXFileReference; fileEncoding = 4; lastKnownFileType = sourcecode.c.h; path = StreamItem.h; sourceTree = "<group>"; };
		AACBDFFF1627658800788DFA /* StreamItem.m */ = {isa = PBXFileReference; fileEncoding = 4; lastKnownFileType = sourcecode.c.objc; path = StreamItem.m; sourceTree = "<group>"; };
		AACBE001162765A000788DFA /* StreamPicture.h */ = {isa = PBXFileReference; fileEncoding = 4; lastKnownFileType = sourcecode.c.h; path = StreamPicture.h; sourceTree = "<group>"; };
		AACBE002162765A000788DFA /* StreamPicture.m */ = {isa = PBXFileReference; fileEncoding = 4; lastKnownFileType = sourcecode.c.objc; path = StreamPicture.m; sourceTree = "<group>"; };
		AACBE004162765E800788DFA /* StreamText.h */ = {isa = PBXFileReference; fileEncoding = 4; lastKnownFileType = sourcecode.c.h; path = StreamText.h; sourceTree = "<group>"; };
		AACBE005162765E800788DFA /* StreamText.m */ = {isa = PBXFileReference; fileEncoding = 4; lastKnownFileType = sourcecode.c.objc; path = StreamText.m; sourceTree = "<group>"; };
		AAE5D23B162F4DEA00B8F5FC /* SelectedItemViewController.h */ = {isa = PBXFileReference; fileEncoding = 4; lastKnownFileType = sourcecode.c.h; path = SelectedItemViewController.h; sourceTree = "<group>"; };
		AAE5D23C162F4DEA00B8F5FC /* SelectedItemViewController.m */ = {isa = PBXFileReference; fileEncoding = 4; lastKnownFileType = sourcecode.c.objc; path = SelectedItemViewController.m; sourceTree = "<group>"; };
/* End PBXFileReference section */

/* Begin PBXFrameworksBuildPhase section */
		AA1F1D051627426A00EAF636 /* Frameworks */ = {
			isa = PBXFrameworksBuildPhase;
			buildActionMask = 2147483647;
			files = (
				AA5BF972162DC81E008C55D2 /* Security.framework in Frameworks */,
				AA5BA08E16274495005D64E5 /* libz.dylib in Frameworks */,
				AA5BA08C16274483005D64E5 /* MobileCoreServices.framework in Frameworks */,
				AA5BA08A1627447B005D64E5 /* SystemConfiguration.framework in Frameworks */,
				AA5BA08716274475005D64E5 /* CFNetwork.framework in Frameworks */,
				AA1F1D0D1627426A00EAF636 /* UIKit.framework in Frameworks */,
				AA1F1D0F1627426A00EAF636 /* Foundation.framework in Frameworks */,
				AA1F1D111627426A00EAF636 /* CoreGraphics.framework in Frameworks */,
				AA5BA090162744D0005D64E5 /* CloudMine.framework in Frameworks */,
			);
			runOnlyForDeploymentPostprocessing = 0;
		};
/* End PBXFrameworksBuildPhase section */

/* Begin PBXGroup section */
		AA1F1CFD1627426A00EAF636 = {
			isa = PBXGroup;
			children = (
				AA1F1D121627426A00EAF636 /* Inspiration */,
				AA1F1D0B1627426A00EAF636 /* Frameworks */,
				AA1F1D091627426A00EAF636 /* Products */,
			);
			sourceTree = "<group>";
		};
		AA1F1D091627426A00EAF636 /* Products */ = {
			isa = PBXGroup;
			children = (
				AA1F1D081627426A00EAF636 /* Inspiration.app */,
			);
			name = Products;
			sourceTree = "<group>";
		};
		AA1F1D0B1627426A00EAF636 /* Frameworks */ = {
			isa = PBXGroup;
			children = (
				AA5BF971162DC81D008C55D2 /* Security.framework */,
				AA5BA08F162744D0005D64E5 /* CloudMine.framework */,
				AA5BA08D16274495005D64E5 /* libz.dylib */,
				AA5BA08B16274483005D64E5 /* MobileCoreServices.framework */,
				AA5BA0891627447B005D64E5 /* SystemConfiguration.framework */,
				AA5BA08616274475005D64E5 /* CFNetwork.framework */,
				AA1F1D0C1627426A00EAF636 /* UIKit.framework */,
				AA1F1D0E1627426A00EAF636 /* Foundation.framework */,
				AA1F1D101627426A00EAF636 /* CoreGraphics.framework */,
			);
			name = Frameworks;
			sourceTree = "<group>";
		};
		AA1F1D121627426A00EAF636 /* Inspiration */ = {
			isa = PBXGroup;
			children = (
				AA1F1D2F1627427300EAF636 /* App Delegate */,
				AA1F1D301627428400EAF636 /* Stream */,
				AAE5D23A162F4DD300B8F5FC /* Selected View */,
				AA5BF959162D0EA1008C55D2 /* Profile */,
				AA5BF973162DE2A1008C55D2 /* Add Info */,
				AACBDFFD1627654D00788DFA /* Model */,
				AA1F1D131627426A00EAF636 /* Supporting Files */,
			);
			path = Inspiration;
			sourceTree = "<group>";
		};
		AA1F1D131627426A00EAF636 /* Supporting Files */ = {
			isa = PBXGroup;
			children = (
				AACBDFEC162749F900788DFA /* Images */,
				AA1F1D141627426A00EAF636 /* Inspiration-Info.plist */,
				AA1F1D151627426A00EAF636 /* InfoPlist.strings */,
				AA1F1D181627426A00EAF636 /* main.m */,
				AA1F1D1A1627426A00EAF636 /* Inspiration-Prefix.pch */,
			);
			name = "Supporting Files";
			sourceTree = "<group>";
		};
		AA1F1D2F1627427300EAF636 /* App Delegate */ = {
			isa = PBXGroup;
			children = (
				AA1F1D1B1627426A00EAF636 /* AppDelegate.h */,
				AA1F1D1C1627426A00EAF636 /* AppDelegate.m */,
			);
			name = "App Delegate";
			sourceTree = "<group>";
		};
		AA1F1D301627428400EAF636 /* Stream */ = {
			isa = PBXGroup;
			children = (
				AACBDFF216274DEF00788DFA /* Cells */,
				AA1F1D241627426A00EAF636 /* Stream.storyboard */,
				AA1F1D271627426A00EAF636 /* StreamViewController.h */,
				AA1F1D281627426A00EAF636 /* StreamViewController.m */,
			);
			name = Stream;
			sourceTree = "<group>";
		};
		AA5BF959162D0EA1008C55D2 /* Profile */ = {
			isa = PBXGroup;
			children = (
				AA5BF95A162D0EC6008C55D2 /* ProfileViewController.h */,
				AA5BF95B162D0EC6008C55D2 /* ProfileViewController.m */,
				AA5BF95D162DA5C4008C55D2 /* User Management */,
			);
			name = Profile;
			sourceTree = "<group>";
		};
		AA5BF95D162DA5C4008C55D2 /* User Management */ = {
			isa = PBXGroup;
			children = (
				AA5BF96C162DC769008C55D2 /* SimpleKeychain.h */,
				AA5BF96D162DC769008C55D2 /* SimpleKeychain.m */,
			);
			name = "User Management";
			sourceTree = "<group>";
		};
		AA5BF973162DE2A1008C55D2 /* Add Info */ = {
			isa = PBXGroup;
			children = (
				AA5BF974162DE2BD008C55D2 /* ContentPickerViewController.h */,
				AA5BF975162DE2BD008C55D2 /* ContentPickerViewController.m */,
				AA917BDF162DE6AA000FA6A6 /* AddTextViewController.h */,
				AA917BE0162DE6AA000FA6A6 /* AddTextViewController.m */,
			);
			name = "Add Info";
			sourceTree = "<group>";
		};
		AACBDFEC162749F900788DFA /* Images */ = {
			isa = PBXGroup;
			children = (
				AA5BF957162D0DA6008C55D2 /* man_24.png */,
				AA5BF955162D0D95008C55D2 /* man_48.png */,
				AA5BF952162D0ABF008C55D2 /* man_64.png */,
				AA1F1D1E1627426A00EAF636 /* Default.png */,
				AA1F1D201627426A00EAF636 /* Default@2x.png */,
				AA1F1D221627426A00EAF636 /* Default-568h@2x.png */,
			);
			name = Images;
			sourceTree = "<group>";
		};
		AACBDFF216274DEF00788DFA /* Cells */ = {
			isa = PBXGroup;
			children = (
				AACBDFF316274E8A00788DFA /* StreamCell.h */,
				AACBDFF416274E8A00788DFA /* StreamCell.m */,
			);
			name = Cells;
			sourceTree = "<group>";
		};
		AACBDFFD1627654D00788DFA /* Model */ = {
			isa = PBXGroup;
			children = (
				AACBDFFE1627658800788DFA /* StreamItem.h */,
				AACBDFFF1627658800788DFA /* StreamItem.m */,
				AACBE001162765A000788DFA /* StreamPicture.h */,
				AACBE002162765A000788DFA /* StreamPicture.m */,
				AACBE004162765E800788DFA /* StreamText.h */,
				AACBE005162765E800788DFA /* StreamText.m */,
			);
			name = Model;
			sourceTree = "<group>";
		};
		AAE5D23A162F4DD300B8F5FC /* Selected View */ = {
			isa = PBXGroup;
			children = (
				AAE5D23B162F4DEA00B8F5FC /* SelectedItemViewController.h */,
				AAE5D23C162F4DEA00B8F5FC /* SelectedItemViewController.m */,
			);
			name = "Selected View";
			sourceTree = "<group>";
		};
/* End PBXGroup section */

/* Begin PBXNativeTarget section */
		AA1F1D071627426A00EAF636 /* Inspiration */ = {
			isa = PBXNativeTarget;
			buildConfigurationList = AA1F1D2C1627426A00EAF636 /* Build configuration list for PBXNativeTarget "Inspiration" */;
			buildPhases = (
				AA1F1D041627426A00EAF636 /* Sources */,
				AA1F1D051627426A00EAF636 /* Frameworks */,
				AA1F1D061627426A00EAF636 /* Resources */,
			);
			buildRules = (
			);
			dependencies = (
			);
			name = Inspiration;
			productName = Inspiration;
			productReference = AA1F1D081627426A00EAF636 /* Inspiration.app */;
			productType = "com.apple.product-type.application";
		};
/* End PBXNativeTarget section */

/* Begin PBXProject section */
		AA1F1CFF1627426A00EAF636 /* Project object */ = {
			isa = PBXProject;
			attributes = {
				LastUpgradeCheck = 0450;
				ORGANIZATIONNAME = "Ethan Mick";
			};
			buildConfigurationList = AA1F1D021627426A00EAF636 /* Build configuration list for PBXProject "Inspiration" */;
			compatibilityVersion = "Xcode 3.2";
			developmentRegion = English;
			hasScannedForEncodings = 0;
			knownRegions = (
				en,
			);
			mainGroup = AA1F1CFD1627426A00EAF636;
			productRefGroup = AA1F1D091627426A00EAF636 /* Products */;
			projectDirPath = "";
			projectRoot = "";
			targets = (
				AA1F1D071627426A00EAF636 /* Inspiration */,
			);
		};
/* End PBXProject section */

/* Begin PBXResourcesBuildPhase section */
		AA1F1D061627426A00EAF636 /* Resources */ = {
			isa = PBXResourcesBuildPhase;
			buildActionMask = 2147483647;
			files = (
				AA1F1D171627426A00EAF636 /* InfoPlist.strings in Resources */,
				AA1F1D1F1627426A00EAF636 /* Default.png in Resources */,
				AA1F1D211627426A00EAF636 /* Default@2x.png in Resources */,
				AA1F1D231627426A00EAF636 /* Default-568h@2x.png in Resources */,
				AA1F1D261627426A00EAF636 /* Stream.storyboard in Resources */,
				AA5BF953162D0ABF008C55D2 /* man_64.png in Resources */,
				AA5BF956162D0D96008C55D2 /* man_48.png in Resources */,
				AA5BF958162D0DA6008C55D2 /* man_24.png in Resources */,
			);
			runOnlyForDeploymentPostprocessing = 0;
		};
/* End PBXResourcesBuildPhase section */

/* Begin PBXSourcesBuildPhase section */
		AA1F1D041627426A00EAF636 /* Sources */ = {
			isa = PBXSourcesBuildPhase;
			buildActionMask = 2147483647;
			files = (
				AA1F1D191627426A00EAF636 /* main.m in Sources */,
				AA1F1D1D1627426A00EAF636 /* AppDelegate.m in Sources */,
				AA1F1D291627426A00EAF636 /* StreamViewController.m in Sources */,
				AACBDFF516274E8A00788DFA /* StreamCell.m in Sources */,
				AACBE0001627658800788DFA /* StreamItem.m in Sources */,
				AACBE003162765A000788DFA /* StreamPicture.m in Sources */,
				AACBE006162765E800788DFA /* StreamText.m in Sources */,
				AA5BF95C162D0EC6008C55D2 /* ProfileViewController.m in Sources */,
				AA5BF96E162DC769008C55D2 /* SimpleKeychain.m in Sources */,
				AA5BF976162DE2BD008C55D2 /* ContentPickerViewController.m in Sources */,
				AA917BE1162DE6AA000FA6A6 /* AddTextViewController.m in Sources */,
				AAE5D23D162F4DEA00B8F5FC /* SelectedItemViewController.m in Sources */,
			);
			runOnlyForDeploymentPostprocessing = 0;
		};
/* End PBXSourcesBuildPhase section */

/* Begin PBXVariantGroup section */
		AA1F1D151627426A00EAF636 /* InfoPlist.strings */ = {
			isa = PBXVariantGroup;
			children = (
				AA1F1D161627426A00EAF636 /* en */,
			);
			name = InfoPlist.strings;
			sourceTree = "<group>";
		};
		AA1F1D241627426A00EAF636 /* Stream.storyboard */ = {
			isa = PBXVariantGroup;
			children = (
				AA1F1D251627426A00EAF636 /* en */,
			);
			name = Stream.storyboard;
			sourceTree = "<group>";
		};
/* End PBXVariantGroup section */

/* Begin XCBuildConfiguration section */
		AA1F1D2A1627426A00EAF636 /* Debug */ = {
			isa = XCBuildConfiguration;
			buildSettings = {
				ALWAYS_SEARCH_USER_PATHS = NO;
				CLANG_CXX_LANGUAGE_STANDARD = "gnu++0x";
				CLANG_CXX_LIBRARY = "libc++";
				CLANG_ENABLE_OBJC_ARC = YES;
				CLANG_WARN_EMPTY_BODY = YES;
				CLANG_WARN__DUPLICATE_METHOD_MATCH = YES;
				"CODE_SIGN_IDENTITY[sdk=iphoneos*]" = "iPhone Developer";
				COPY_PHASE_STRIP = NO;
				GCC_C_LANGUAGE_STANDARD = gnu99;
				GCC_DYNAMIC_NO_PIC = NO;
				GCC_OPTIMIZATION_LEVEL = 0;
				GCC_PREPROCESSOR_DEFINITIONS = (
					"DEBUG=1",
					"$(inherited)",
				);
				GCC_SYMBOLS_PRIVATE_EXTERN = NO;
				GCC_WARN_ABOUT_RETURN_TYPE = YES;
				GCC_WARN_UNINITIALIZED_AUTOS = YES;
				GCC_WARN_UNUSED_VARIABLE = YES;
				IPHONEOS_DEPLOYMENT_TARGET = 6.0;
				ONLY_ACTIVE_ARCH = YES;
				SDKROOT = iphoneos;
				TARGETED_DEVICE_FAMILY = 2;
			};
			name = Debug;
		};
		AA1F1D2B1627426A00EAF636 /* Release */ = {
			isa = XCBuildConfiguration;
			buildSettings = {
				ALWAYS_SEARCH_USER_PATHS = NO;
				CLANG_CXX_LANGUAGE_STANDARD = "gnu++0x";
				CLANG_CXX_LIBRARY = "libc++";
				CLANG_ENABLE_OBJC_ARC = YES;
				CLANG_WARN_EMPTY_BODY = YES;
				CLANG_WARN__DUPLICATE_METHOD_MATCH = YES;
				"CODE_SIGN_IDENTITY[sdk=iphoneos*]" = "iPhone Developer";
				COPY_PHASE_STRIP = YES;
				GCC_C_LANGUAGE_STANDARD = gnu99;
				GCC_WARN_ABOUT_RETURN_TYPE = YES;
				GCC_WARN_UNINITIALIZED_AUTOS = YES;
				GCC_WARN_UNUSED_VARIABLE = YES;
				IPHONEOS_DEPLOYMENT_TARGET = 6.0;
				OTHER_CFLAGS = "-DNS_BLOCK_ASSERTIONS=1";
				SDKROOT = iphoneos;
				TARGETED_DEVICE_FAMILY = 2;
				VALIDATE_PRODUCT = YES;
			};
			name = Release;
		};
		AA1F1D2D1627426A00EAF636 /* Debug */ = {
			isa = XCBuildConfiguration;
			buildSettings = {
				FRAMEWORK_SEARCH_PATHS = (
					"$(inherited)",
					"\"$(SRCROOT)\"",
				);
				GCC_PRECOMPILE_PREFIX_HEADER = YES;
				GCC_PREFIX_HEADER = "Inspiration/Inspiration-Prefix.pch";
				INFOPLIST_FILE = "Inspiration/Inspiration-Info.plist";
				IPHONEOS_DEPLOYMENT_TARGET = 6.0;
				OTHER_LDFLAGS = (
					"-all_load",
					"-ObjC",
				);
				PRODUCT_NAME = "$(TARGET_NAME)";
				WRAPPER_EXTENSION = app;
			};
			name = Debug;
		};
		AA1F1D2E1627426A00EAF636 /* Release */ = {
			isa = XCBuildConfiguration;
			buildSettings = {
				FRAMEWORK_SEARCH_PATHS = (
					"$(inherited)",
					"\"$(SRCROOT)\"",
				);
				GCC_PRECOMPILE_PREFIX_HEADER = YES;
				GCC_PREFIX_HEADER = "Inspiration/Inspiration-Prefix.pch";
				INFOPLIST_FILE = "Inspiration/Inspiration-Info.plist";
				IPHONEOS_DEPLOYMENT_TARGET = 6.0;
				OTHER_LDFLAGS = (
					"-all_load",
					"-ObjC",
				);
				PRODUCT_NAME = "$(TARGET_NAME)";
				WRAPPER_EXTENSION = app;
			};
			name = Release;
		};
/* End XCBuildConfiguration section */

/* Begin XCConfigurationList section */
		AA1F1D021627426A00EAF636 /* Build configuration list for PBXProject "Inspiration" */ = {
			isa = XCConfigurationList;
			buildConfigurations = (
				AA1F1D2A1627426A00EAF636 /* Debug */,
				AA1F1D2B1627426A00EAF636 /* Release */,
			);
			defaultConfigurationIsVisible = 0;
			defaultConfigurationName = Release;
		};
		AA1F1D2C1627426A00EAF636 /* Build configuration list for PBXNativeTarget "Inspiration" */ = {
			isa = XCConfigurationList;
			buildConfigurations = (
				AA1F1D2D1627426A00EAF636 /* Debug */,
				AA1F1D2E1627426A00EAF636 /* Release */,
			);
			defaultConfigurationIsVisible = 0;
			defaultConfigurationName = Release;
		};
/* End XCConfigurationList section */
	};
	rootObject = AA1F1CFF1627426A00EAF636 /* Project object */;
}
